
Microsoft Visual Studio Solution File, Format Version 12.00
Project("{FAE04EC0-301F-11D3-BF4B-00C04F79EFBC}") = "YasuNoReborn", "YasuNoReborn/YasuNoReborn.csproj", "{3972EE6F-15EC-4A17-976C-9F2CACA3BD7C}"
EndProject
Project("{FAE04EC0-301F-11D3-BF4B-00C04F79EFBC}") = "LCUSharp", "LCUSharp\LCUSharp.csproj", "{FB9CC43B-3E47-49BA-AA9A-58948A60A7FE}"
EndProject
Global
	GlobalSection(SolutionConfigurationPlatforms) = preSolution
		Debug|Any CPU = Debug|Any CPU
		Release|Any CPU = Release|Any CPU
	EndGlobalSection
	GlobalSection(ProjectConfigurationPlatforms) = postSolution
		{3972EE6F-15EC-4A17-976C-9F2CACA3BD7C}.Debug|Any CPU.ActiveCfg = Debug|Any CPU
		{3972EE6F-15EC-4A17-976C-9F2CACA3BD7C}.Debug|Any CPU.Build.0 = Debug|Any CPU
		{3972EE6F-15EC-4A17-976C-9F2CACA3BD7C}.Release|Any CPU.ActiveCfg = Release|Any CPU
		{3972EE6F-15EC-4A17-976C-9F2CACA3BD7C}.Release|Any CPU.Build.0 = Release|Any CPU
		{FB9CC43B-3E47-49BA-AA9A-58948A60A7FE}.Debug|Any CPU.ActiveCfg = Debug|Any CPU
		{FB9CC43B-3E47-49BA-AA9A-58948A60A7FE}.Debug|Any CPU.Build.0 = Debug|Any CPU
		{FB9CC43B-3E47-49BA-AA9A-58948A60A7FE}.Release|Any CPU.ActiveCfg = Release|Any CPU
		{FB9CC43B-3E47-49BA-AA9A-58948A60A7FE}.Release|Any CPU.Build.0 = Release|Any CPU
	EndGlobalSection
EndGlobal
